version = 1
revision = 3
requires-python = ">=3.8"
resolution-markers = [
    "python_full_version >= '3.10'",
    "python_full_version == '3.9.*'",
    "python_full_version < '3.9'",
]

[[package]]
name = "dnspython"
version = "2.6.1"
source = { registry = "https://pypi.org/simple" }
resolution-markers = [
    "python_full_version < '3.9'",
]
sdist = { url = "https://files.pythonhosted.org/packages/37/7d/c871f55054e403fdfd6b8f65fd6d1c4e147ed100d3e9f9ba1fe695403939/dnspython-2.6.1.tar.gz", hash = "sha256:e8f0f9c23a7b7cb99ded64e6c3a6f3e701d78f50c55e002b839dea7225cff7cc", size = 332727, upload-time = "2024-02-18T18:48:48.952Z" }
wheels = [
    { url = "https://files.pythonhosted.org/packages/87/a1/8c5287991ddb8d3e4662f71356d9656d91ab3a36618c3dd11b280df0d255/dnspython-2.6.1-py3-none-any.whl", hash = "sha256:5ef3b9680161f6fa89daf8ad451b5f1a33b18ae8a1c6778cdf4b43f08c0a6e50", size = 307696, upload-time = "2024-02-18T18:48:46.786Z" },
]

[[package]]
name = "dnspython"
version = "2.7.0"
source = { registry = "https://pypi.org/simple" }
resolution-markers = [
    "python_full_version >= '3.10'",
    "python_full_version == '3.9.*'",
]
sdist = { url = "https://files.pythonhosted.org/packages/b5/4a/263763cb2ba3816dd94b08ad3a33d5fdae34ecb856678773cc40a3605829/dnspython-2.7.0.tar.gz", hash = "sha256:ce9c432eda0dc91cf618a5cedf1a4e142651196bbcd2c80e89ed5a907e5cfaf1", size = 345197, upload-time = "2024-10-05T20:14:59.362Z" }
wheels = [
    { url = "https://files.pythonhosted.org/packages/68/1b/e0a87d256e40e8c888847551b20a017a6b98139178505dc7ffb96f04e954/dnspython-2.7.0-py3-none-any.whl", hash = "sha256:b4c34b7d10b51bcc3a5071e7b8dee77939f1e878477eeecc965e9835f63c6c86", size = 313632, upload-time = "2024-10-05T20:14:57.687Z" },
]

[[package]]
name = "mongo-event-connector"
version = "0.1.0"
source = { virtual = "." }
dependencies = [
    { name = "pymongo", version = "4.10.1", source = { registry = "https://pypi.org/simple" }, marker = "python_full_version < '3.9'" },
    { name = "pymongo", version = "4.14.1", source = { registry = "https://pypi.org/simple" }, marker = "python_full_version >= '3.9'" },
]

[package.metadata]
requires-dist = [{ name = "pymongo", specifier = ">=4.6.0" }]

[[package]]
name = "pymongo"
version = "4.10.1"
source = { registry = "https://pypi.org/simple" }
resolution-markers = [
    "python_full_version < '3.9'",
]
dependencies = [
    { name = "dnspython", version = "2.6.1", source = { registry = "https://pypi.org/simple" }, marker = "python_full_version < '3.9'" },
]
sdist = { url = "https://files.pythonhosted.org/packages/1a/35/b62a3139f908c68b69aac6a6a3f8cc146869de0a7929b994600e2c587c77/pymongo-4.10.1.tar.gz", hash = "sha256:a9de02be53b6bb98efe0b9eda84ffa1ec027fcb23a2de62c4f941d9a2f2f3330", size = 1903902, upload-time = "2024-10-01T23:07:58.525Z" }
wheels = [
    { url = "https://files.pythonhosted.org/packages/c1/ca/f56b1dd84541de658d246f86828be27e32285f2151fab97efbce1db3ed57/pymongo-4.10.1-cp310-cp310-macosx_10_9_x86_64.whl", hash = "sha256:e699aa68c4a7dea2ab5a27067f7d3e08555f8d2c0dc6a0c8c60cfd9ff2e6a4b1", size = 835459, upload-time = "2024-10-01T23:06:19.654Z" },
    { url = "https://files.pythonhosted.org/packages/97/01/fe4ee34b33c6863be6a09d1e805ceb1122d9cd5d4a5d1664e360b91adf7e/pymongo-4.10.1-cp310-cp310-macosx_11_0_arm64.whl", hash = "sha256:70645abc714f06b4ad6b72d5bf73792eaad14e3a2cfe29c62a9c81ada69d9e4b", size = 835716, upload-time = "2024-10-01T23:06:22.252Z" },
    { url = "https://files.pythonhosted.org/packages/46/ff/9eb21c1d5861729ae1c91669b02f5bfbd23221ba9809fb97fade761f3f3b/pymongo-4.10.1-cp310-cp310-manylinux_2_17_aarch64.manylinux2014_aarch64.whl", hash = "sha256:ae2fd94c9fe048c94838badcc6e992d033cb9473eb31e5710b3707cba5e8aee2", size = 1407173, upload-time = "2024-10-01T23:06:24.204Z" },
    { url = "https://files.pythonhosted.org/packages/e5/d9/8cf042449d6804e00e38d3bb138b0e9acb8a8e0c9dd9dd989ffffd481c3b/pymongo-4.10.1-cp310-cp310-manylinux_2_17_ppc64le.manylinux2014_ppc64le.whl", hash = "sha256:5ded27a4a5374dae03a92e084a60cdbcecd595306555bda553b833baf3fc4868", size = 1456455, upload-time = "2024-10-01T23:06:26.125Z" },
    { url = "https://files.pythonhosted.org/packages/37/9a/da0d121f98c1413853e1172e2095fe77c1629c83a1db107d45a37ca935c2/pymongo-4.10.1-cp310-cp310-manylinux_2_17_s390x.manylinux2014_s390x.whl", hash = "sha256:1ecc2455e3974a6c429687b395a0bc59636f2d6aedf5785098cf4e1f180f1c71", size = 1433360, upload-time = "2024-10-01T23:06:27.898Z" },
    { url = "https://files.pythonhosted.org/packages/7d/6d/50480f0452e2fb59256d9d641d192366c0079920c36851b818ebeff0cec9/pymongo-4.10.1-cp310-cp310-manylinux_2_17_x86_64.manylinux2014_x86_64.whl", hash = "sha256:a920fee41f7d0259f5f72c1f1eb331bc26ffbdc952846f9bd8c3b119013bb52c", size = 1410758, upload-time = "2024-10-01T23:06:29.546Z" },
    { url = "https://files.pythonhosted.org/packages/cd/8f/b83b9910c54f63bfff34305074e79cd08cf5e12dda22d1a2b4ad009b32b3/pymongo-4.10.1-cp310-cp310-manylinux_2_5_i686.manylinux1_i686.manylinux_2_17_i686.manylinux2014_i686.whl", hash = "sha256:e0a15665b2d6cf364f4cd114d62452ce01d71abfbd9c564ba8c74dcd7bbd6822", size = 1380257, upload-time = "2024-10-01T23:06:30.895Z" },
    { url = "https://files.pythonhosted.org/packages/ed/e3/8f381b576e5f912cf0fe34218c6b0ef23d7afdef13fed592900fb52f0ed4/pymongo-4.10.1-cp310-cp310-win32.whl", hash = "sha256:29e1c323c28a4584b7095378ff046815e39ff82cdb8dc4cc6dfe3acf6f9ad1f8", size = 812324, upload-time = "2024-10-01T23:06:32.717Z" },
    { url = "https://files.pythonhosted.org/packages/ab/14/1cae5359e2c4677856527a2965c999c23f596cced4b7828d880cb8fc0f54/pymongo-4.10.1-cp310-cp310-win_amd64.whl", hash = "sha256:88dc4aa45f8744ccfb45164aedb9a4179c93567bbd98a33109d7dc400b00eb08", size = 826774, upload-time = "2024-10-01T23:06:34.386Z" },
    { url = "https://files.pythonhosted.org/packages/e4/a3/d6403ec53fa2fe922b4a5c86388ea5fada01dd51d803e17bb2a7c9cda839/pymongo-4.10.1-cp311-cp311-macosx_10_9_x86_64.whl", hash = "sha256:57ee6becae534e6d47848c97f6a6dff69e3cce7c70648d6049bd586764febe59", size = 889238, upload-time = "2024-10-01T23:06:36.03Z" },
    { url = "https://files.pythonhosted.org/packages/29/a2/9643450424bcf241e80bb713497ec2e3273c183d548b4eca357f75d71885/pymongo-4.10.1-cp311-cp311-macosx_11_0_arm64.whl", hash = "sha256:6f437a612f4d4f7aca1812311b1e84477145e950fdafe3285b687ab8c52541f3", size = 889504, upload-time = "2024-10-01T23:06:37.328Z" },
    { url = "https://files.pythonhosted.org/packages/ec/40/4759984f34415509e9111be8ee863034611affdc1e0b41016c9d53b2f1b3/pymongo-4.10.1-cp311-cp311-manylinux_2_17_aarch64.manylinux2014_aarch64.whl", hash = "sha256:1a970fd3117ab40a4001c3dad333bbf3c43687d90f35287a6237149b5ccae61d", size = 1649069, upload-time = "2024-10-01T23:06:38.553Z" },
    { url = "https://files.pythonhosted.org/packages/56/0f/b6e917478a3ada81e768475516cd544982cc42cbb7d3be325182768139e1/pymongo-4.10.1-cp311-cp311-manylinux_2_17_ppc64le.manylinux2014_ppc64le.whl", hash = "sha256:7c4d0e7cd08ef9f8fbf2d15ba281ed55604368a32752e476250724c3ce36c72e", size = 1714927, upload-time = "2024-10-01T23:06:40.292Z" },
    { url = "https://files.pythonhosted.org/packages/56/c5/4237d94dfa19ebdf9a92b1071e2139c91f48908c5782e592c571c33b67ab/pymongo-4.10.1-cp311-cp311-manylinux_2_17_s390x.manylinux2014_s390x.whl", hash = "sha256:ca6f700cff6833de4872a4e738f43123db34400173558b558ae079b5535857a4", size = 1683454, upload-time = "2024-10-01T23:06:42.257Z" },
    { url = "https://files.pythonhosted.org/packages/9a/16/dbffca9d4ad66f2a325c280f1177912fa23235987f7b9033e283da889b7a/pymongo-4.10.1-cp311-cp311-manylinux_2_17_x86_64.manylinux2014_x86_64.whl", hash = "sha256:cec237c305fcbeef75c0bcbe9d223d1e22a6e3ba1b53b2f0b79d3d29c742b45b", size = 1653840, upload-time = "2024-10-01T23:06:43.991Z" },
    { url = "https://files.pythonhosted.org/packages/2b/4d/21df934ef5cf8f0e587bac922a129e13d4c0346c54e9bf2371b90dd31112/pymongo-4.10.1-cp311-cp311-manylinux_2_5_i686.manylinux1_i686.manylinux_2_17_i686.manylinux2014_i686.whl", hash = "sha256:b3337804ea0394a06e916add4e5fac1c89902f1b6f33936074a12505cab4ff05", size = 1613233, upload-time = "2024-10-01T23:06:46.113Z" },
    { url = "https://files.pythonhosted.org/packages/24/07/dd9c3db30e754680606295d5574521956898005db0629411a89163cc6eee/pymongo-4.10.1-cp311-cp311-win32.whl", hash = "sha256:778ac646ce6ac1e469664062dfe9ae1f5c9961f7790682809f5ec3b8fda29d65", size = 857331, upload-time = "2024-10-01T23:06:47.812Z" },
    { url = "https://files.pythonhosted.org/packages/02/68/b71c4106d03eef2482eade440c6f5737c2a4a42f6155726009f80ea38d06/pymongo-4.10.1-cp311-cp311-win_amd64.whl", hash = "sha256:9df4ab5594fdd208dcba81be815fa8a8a5d8dedaf3b346cbf8b61c7296246a7a", size = 876473, upload-time = "2024-10-01T23:06:49.201Z" },
    { url = "https://files.pythonhosted.org/packages/10/d1/60ad99fe3f64d45e6c71ac0e3078e88d9b64112b1bae571fc3707344d6d1/pymongo-4.10.1-cp312-cp312-macosx_10_13_x86_64.whl", hash = "sha256:fbedc4617faa0edf423621bb0b3b8707836687161210d470e69a4184be9ca011", size = 943356, upload-time = "2024-10-01T23:06:50.9Z" },
    { url = "https://files.pythonhosted.org/packages/ca/9b/21d4c6b4ee9c1fa9691c68dc2a52565e0acb644b9e95148569b4736a4ebd/pymongo-4.10.1-cp312-cp312-macosx_11_0_arm64.whl", hash = "sha256:7bd26b2aec8ceeb95a5d948d5cc0f62b0eb6d66f3f4230705c1e3d3d2c04ec76", size = 943142, upload-time = "2024-10-01T23:06:52.146Z" },
    { url = "https://files.pythonhosted.org/packages/07/af/691b7454e219a8eb2d1641aecedd607e3a94b93650c2011ad8a8fd74ef9f/pymongo-4.10.1-cp312-cp312-manylinux_2_17_aarch64.manylinux2014_aarch64.whl", hash = "sha256:fb104c3c2a78d9d85571c8ac90ec4f95bca9b297c6eee5ada71fabf1129e1674", size = 1909129, upload-time = "2024-10-01T23:06:53.551Z" },
    { url = "https://files.pythonhosted.org/packages/0c/74/fd75d5ad4181d6e71ce0fca32404fb71b5046ac84d9a1a2f0862262dd032/pymongo-4.10.1-cp312-cp312-manylinux_2_17_ppc64le.manylinux2014_ppc64le.whl", hash = "sha256:4924355245a9c79f77b5cda2db36e0f75ece5faf9f84d16014c0a297f6d66786", size = 1987763, upload-time = "2024-10-01T23:06:55.304Z" },
    { url = "https://files.pythonhosted.org/packages/8a/56/6d3d0ef63c6d8cb98c7c653a3a2e617675f77a95f3853851d17a7664876a/pymongo-4.10.1-cp312-cp312-manylinux_2_17_s390x.manylinux2014_s390x.whl", hash = "sha256:11280809e5dacaef4971113f0b4ff4696ee94cfdb720019ff4fa4f9635138252", size = 1950821, upload-time = "2024-10-01T23:06:57.541Z" },
    { url = "https://files.pythonhosted.org/packages/70/ed/1603fa0c0e51444752c3fa91f16c3a97e6d92eb9fe5e553dae4f18df16f6/pymongo-4.10.1-cp312-cp312-manylinux_2_17_x86_64.manylinux2014_x86_64.whl", hash = "sha256:e5d55f2a82e5eb23795f724991cac2bffbb1c0f219c0ba3bf73a835f97f1bb2e", size = 1912247, upload-time = "2024-10-01T23:06:59.023Z" },
    { url = "https://files.pythonhosted.org/packages/c1/66/e98b2308971d45667cb8179d4d66deca47336c90663a7e0527589f1038b7/pymongo-4.10.1-cp312-cp312-manylinux_2_5_i686.manylinux1_i686.manylinux_2_17_i686.manylinux2014_i686.whl", hash = "sha256:e974ab16a60be71a8dfad4e5afccf8dd05d41c758060f5d5bda9a758605d9a5d", size = 1862230, upload-time = "2024-10-01T23:07:01.407Z" },
    { url = "https://files.pythonhosted.org/packages/6c/80/ba9b7ed212a5f8cf8ad7037ed5bbebc1c587fc09242108f153776e4a338b/pymongo-4.10.1-cp312-cp312-win32.whl", hash = "sha256:544890085d9641f271d4f7a47684450ed4a7344d6b72d5968bfae32203b1bb7c", size = 903045, upload-time = "2024-10-01T23:07:02.973Z" },
    { url = "https://files.pythonhosted.org/packages/76/8b/5afce891d78159912c43726fab32641e3f9718f14be40f978c148ea8db48/pymongo-4.10.1-cp312-cp312-win_amd64.whl", hash = "sha256:dcc07b1277e8b4bf4d7382ca133850e323b7ab048b8353af496d050671c7ac52", size = 926686, upload-time = "2024-10-01T23:07:04.403Z" },
    { url = "https://files.pythonhosted.org/packages/83/76/df0fd0622a85b652ad0f91ec8a0ebfd0cb86af6caec8999a22a1f7481203/pymongo-4.10.1-cp313-cp313-macosx_10_13_x86_64.whl", hash = "sha256:90bc6912948dfc8c363f4ead54d54a02a15a7fee6cfafb36dc450fc8962d2cb7", size = 996981, upload-time = "2024-10-01T23:07:06.001Z" },
    { url = "https://files.pythonhosted.org/packages/4c/39/fa50531de8d1d8af8c253caeed20c18ccbf1de5d970119c4a42c89f2bd09/pymongo-4.10.1-cp313-cp313-macosx_11_0_arm64.whl", hash = "sha256:594dd721b81f301f33e843453638e02d92f63c198358e5a0fa8b8d0b1218dabc", size = 996769, upload-time = "2024-10-01T23:07:07.855Z" },
    { url = "https://files.pythonhosted.org/packages/bf/50/6936612c1b2e32d95c30e860552d3bc9e55cfa79a4f73b73225fa05a028c/pymongo-4.10.1-cp313-cp313-manylinux_2_17_aarch64.manylinux2014_aarch64.whl", hash = "sha256:0783e0c8e95397c84e9cf8ab092ab1e5dd7c769aec0ef3a5838ae7173b98dea0", size = 2169159, upload-time = "2024-10-01T23:07:09.963Z" },
    { url = "https://files.pythonhosted.org/packages/78/8c/45cb23096e66c7b1da62bb8d9c7ac2280e7c1071e13841e7fb71bd44fd9f/pymongo-4.10.1-cp313-cp313-manylinux_2_17_ppc64le.manylinux2014_ppc64le.whl", hash = "sha256:6fb6a72e88df46d1c1040fd32cd2d2c5e58722e5d3e31060a0393f04ad3283de", size = 2260569, upload-time = "2024-10-01T23:07:11.856Z" },
    { url = "https://files.pythonhosted.org/packages/29/b6/e5ec697087e527a6a15c5f8daa5bcbd641edb8813487345aaf963d3537dc/pymongo-4.10.1-cp313-cp313-manylinux_2_17_s390x.manylinux2014_s390x.whl", hash = "sha256:2e3a593333e20c87415420a4fb76c00b7aae49b6361d2e2205b6fece0563bf40", size = 2218142, upload-time = "2024-10-01T23:07:13.61Z" },
    { url = "https://files.pythonhosted.org/packages/ad/8a/c0b45bee0f0c57732c5c36da5122c1796efd5a62d585fbc504e2f1401244/pymongo-4.10.1-cp313-cp313-manylinux_2_17_x86_64.manylinux2014_x86_64.whl", hash = "sha256:72e2ace7456167c71cfeca7dcb47bd5dceda7db2231265b80fc625c5e8073186", size = 2170623, upload-time = "2024-10-01T23:07:15.319Z" },
    { url = "https://files.pythonhosted.org/packages/3b/26/6c0a5360a571df24c9bfbd51b1dae279f4f0c511bdbc0906f6df6d1543fa/pymongo-4.10.1-cp313-cp313-manylinux_2_5_i686.manylinux1_i686.manylinux_2_17_i686.manylinux2014_i686.whl", hash = "sha256:8ad05eb9c97e4f589ed9e74a00fcaac0d443ccd14f38d1258eb4c39a35dd722b", size = 2111112, upload-time = "2024-10-01T23:07:16.859Z" },
    { url = "https://files.pythonhosted.org/packages/38/bc/5b91b728e1cf505d931f04e24cbac71ae519523785570ed046cdc31e6efc/pymongo-4.10.1-cp313-cp313-win32.whl", hash = "sha256:ee4c86d8e6872a61f7888fc96577b0ea165eb3bdb0d841962b444fa36001e2bb", size = 948727, upload-time = "2024-10-01T23:07:18.275Z" },
    { url = "https://files.pythonhosted.org/packages/0d/2a/7c24a6144eaa06d18ed52822ea2b0f119fd9267cd1abbb75dae4d89a3803/pymongo-4.10.1-cp313-cp313-win_amd64.whl", hash = "sha256:45ee87a4e12337353242bc758accc7fb47a2f2d9ecc0382a61e64c8f01e86708", size = 976873, upload-time = "2024-10-01T23:07:19.721Z" },
    { url = "https://files.pythonhosted.org/packages/31/22/0580e055aa609ae61c5c054afc746968be771d75d42b6a43f3979fa1c20e/pymongo-4.10.1-cp38-cp38-macosx_10_9_x86_64.whl", hash = "sha256:442ca247f53ad24870a01e80a71cd81b3f2318655fd9d66748ee2bd1b1569d9e", size = 727824, upload-time = "2024-10-01T23:07:21.15Z" },
    { url = "https://files.pythonhosted.org/packages/82/9f/62599a11b2371ea176ddc4444fe9cef7bb1b8d8c2ba3ec2fce03a63f6b37/pymongo-4.10.1-cp38-cp38-macosx_11_0_arm64.whl", hash = "sha256:23e1d62df5592518204943b507be7b457fb8a4ad95a349440406fd42db5d0923", size = 728136, upload-time = "2024-10-01T23:07:22.995Z" },
    { url = "https://files.pythonhosted.org/packages/7f/87/ea553a6b3e2607d409ffcb8958153e84370f1cd54e1f2191b16dcc28b408/pymongo-4.10.1-cp38-cp38-manylinux_2_17_aarch64.manylinux2014_aarch64.whl", hash = "sha256:6131bc6568b26e7495a9f3ef2b1700566b76bbecd919f4472bfe90038a61f425", size = 928973, upload-time = "2024-10-01T23:07:24.577Z" },
    { url = "https://files.pythonhosted.org/packages/6e/be/f7d3df1415af12200b63b3cfebd2d156ea3215f3ce054bf3f73d81e0be73/pymongo-4.10.1-cp38-cp38-manylinux_2_17_ppc64le.manylinux2014_ppc64le.whl", hash = "sha256:fdeba88c540c9ed0338c0b2062d9f81af42b18d6646b3e6dda05cf6edd46ada9", size = 945186, upload-time = "2024-10-01T23:07:26.005Z" },
    { url = "https://files.pythonhosted.org/packages/f6/0c/8b3981432b8d635763aef504475c1f1ec51447889fd13ac30676cecf1229/pymongo-4.10.1-cp38-cp38-manylinux_2_17_s390x.manylinux2014_s390x.whl", hash = "sha256:15a624d752dd3c89d10deb0ef6431559b6d074703cab90a70bb849ece02adc6b", size = 938573, upload-time = "2024-10-01T23:07:27.486Z" },
    { url = "https://files.pythonhosted.org/packages/5f/54/7da021c70dbac3e993aee5544398f6c1ec58d0aaaf6f91de555e4b6a6e29/pymongo-4.10.1-cp38-cp38-manylinux_2_17_x86_64.manylinux2014_x86_64.whl", hash = "sha256:ba164e73fdade9b4614a2497321c5b7512ddf749ed508950bdecc28d8d76a2d9", size = 930164, upload-time = "2024-10-01T23:07:29.073Z" },
    { url = "https://files.pythonhosted.org/packages/bb/f1/848132a5db3f5fba1928018d53d990f4ba81db9126129f2e5a99d9da8d55/pymongo-4.10.1-cp38-cp38-manylinux_2_5_i686.manylinux1_i686.manylinux_2_17_i686.manylinux2014_i686.whl", hash = "sha256:9235fa319993405ae5505bf1333366388add2e06848db7b3deee8f990b69808e", size = 919676, upload-time = "2024-10-01T23:07:30.841Z" },
    { url = "https://files.pythonhosted.org/packages/ad/31/9b5a831f7bd96e932c0b6e234a154896fe0373c19ba32054e959ae258b57/pymongo-4.10.1-cp38-cp38-manylinux_2_5_i686.manylinux1_i686.whl", hash = "sha256:e4a65567bd17d19f03157c7ec992c6530eafd8191a4e5ede25566792c4fe3fa2", size = 920828, upload-time = "2024-10-01T23:07:32.388Z" },
    { url = "https://files.pythonhosted.org/packages/65/5b/d134139e96fa085ebc7545a7bfb335606e7ee3ae403c170a3fe64ba7b854/pymongo-4.10.1-cp38-cp38-manylinux_2_5_x86_64.manylinux1_x86_64.whl", hash = "sha256:f1945d48fb9b8a87d515da07f37e5b2c35b364a435f534c122e92747881f4a7c", size = 928386, upload-time = "2024-10-01T23:07:33.982Z" },
    { url = "https://files.pythonhosted.org/packages/9e/35/b932c0db60508971701ef42c47ab6db3e60497f0821da4f340ecff9eebf0/pymongo-4.10.1-cp38-cp38-win32.whl", hash = "sha256:345f8d340802ebce509f49d5833cc913da40c82f2e0daf9f60149cacc9ca680f", size = 722400, upload-time = "2024-10-01T23:07:35.537Z" },
    { url = "https://files.pythonhosted.org/packages/38/52/a58196a45232e9046c8b13f4fa3d89cca0e462b5c6d28969759226f781ee/pymongo-4.10.1-cp38-cp38-win_amd64.whl", hash = "sha256:3a70d5efdc0387ac8cd50f9a5f379648ecfc322d14ec9e1ba8ec957e5d08c372", size = 727386, upload-time = "2024-10-01T23:07:37.295Z" },
    { url = "https://files.pythonhosted.org/packages/39/69/a13a61fd9a19e659cb43cb98240a75dab2f8e7b60bee568c309a123f8edc/pymongo-4.10.1-cp39-cp39-macosx_10_9_x86_64.whl", hash = "sha256:15b1492cc5c7cd260229590be7218261e81684b8da6d6de2660cf743445500ce", size = 781650, upload-time = "2024-10-01T23:07:39.173Z" },
    { url = "https://files.pythonhosted.org/packages/14/13/a5a3da69ee146bac81baacc7b27995849bfbb89eaabfb3d19824c7056fb4/pymongo-4.10.1-cp39-cp39-macosx_11_0_arm64.whl", hash = "sha256:95207503c41b97e7ecc7e596d84a61f441b4935f11aa8332828a754e7ada8c82", size = 781929, upload-time = "2024-10-01T23:07:40.666Z" },
    { url = "https://files.pythonhosted.org/packages/b0/65/118bc20fc66451ae4b8ceafbd9aab1168bb13cf4e5699b81807bb911a443/pymongo-4.10.1-cp39-cp39-manylinux_2_17_aarch64.manylinux2014_aarch64.whl", hash = "sha256:bb99f003c720c6d83be02c8f1a7787c22384a8ca9a4181e406174db47a048619", size = 1167200, upload-time = "2024-10-01T23:07:42.37Z" },
    { url = "https://files.pythonhosted.org/packages/d1/4a/19c3d45659835f814efef8b250456923899cc7542c52f8beb1a6a164106f/pymongo-4.10.1-cp39-cp39-manylinux_2_17_ppc64le.manylinux2014_ppc64le.whl", hash = "sha256:f2bc1ee4b1ca2c4e7e6b7a5e892126335ec8d9215bcd3ac2fe075870fefc3358", size = 1200021, upload-time = "2024-10-01T23:07:44.061Z" },
    { url = "https://files.pythonhosted.org/packages/1c/03/69cee6f23463251a8f6de6670fb665e2531cc0df500d61150e57d1aedf70/pymongo-4.10.1-cp39-cp39-manylinux_2_17_s390x.manylinux2014_s390x.whl", hash = "sha256:93a0833c10a967effcd823b4e7445ec491f0bf6da5de0ca33629c0528f42b748", size = 1185518, upload-time = "2024-10-01T23:07:45.613Z" },
    { url = "https://files.pythonhosted.org/packages/00/58/01d8b3b374e45931581364752bf7a4693e9c7422704f81e6e91ffa42c38d/pymongo-4.10.1-cp39-cp39-manylinux_2_17_x86_64.manylinux2014_x86_64.whl", hash = "sha256:0f56707497323150bd2ed5d63067f4ffce940d0549d4ea2dfae180deec7f9363", size = 1169799, upload-time = "2024-10-01T23:07:47.656Z" },
    { url = "https://files.pythonhosted.org/packages/be/6f/9aa0ba2f4cfa4c30c962bd1f5a38b2eb95b23e3965918d211da82ebaacf6/pymongo-4.10.1-cp39-cp39-manylinux_2_5_i686.manylinux1_i686.manylinux_2_17_i686.manylinux2014_i686.whl", hash = "sha256:409ab7d6c4223e5c85881697f365239dd3ed1b58f28e4124b846d9d488c86880", size = 1149344, upload-time = "2024-10-01T23:07:49.945Z" },
    { url = "https://files.pythonhosted.org/packages/fc/af/40f0112605f75f5ae5da554b2f779a83c40ecf2298c57e120e6d7bfcff65/pymongo-4.10.1-cp39-cp39-manylinux_2_5_i686.manylinux1_i686.whl", hash = "sha256:dac78a650dc0637d610905fd06b5fa6419ae9028cf4d04d6a2657bc18a66bbce", size = 1134277, upload-time = "2024-10-01T23:07:51.544Z" },
    { url = "https://files.pythonhosted.org/packages/a1/92/9a4afaf02d4d633c3211b7535e6bfbb2527524ca8ac8039b8d7eb3c765eb/pymongo-4.10.1-cp39-cp39-manylinux_2_5_x86_64.manylinux1_x86_64.whl", hash = "sha256:1ec3fa88b541e0481aff3c35194c9fac96e4d57ec5d1c122376000eb28c01431", size = 1167588, upload-time = "2024-10-01T23:07:53.31Z" },
    { url = "https://files.pythonhosted.org/packages/29/de/3c23e7739b0d0dafa4d802e9773011cf54e305c7cb788a52d50c3ef585d2/pymongo-4.10.1-cp39-cp39-win32.whl", hash = "sha256:e0e961923a7b8a1c801c43552dcb8153e45afa41749d9efbd3a6d33f45489f7a", size = 767325, upload-time = "2024-10-01T23:07:54.92Z" },
    { url = "https://files.pythonhosted.org/packages/36/d4/49198168f296838c49d732743ae073f9ca9e8f65f15f5209637456892968/pymongo-4.10.1-cp39-cp39-win_amd64.whl", hash = "sha256:dabe8bf1ad644e6b93f3acf90ff18536d94538ca4d27e583c6db49889e98e48f", size = 777078, upload-time = "2024-10-01T23:07:56.542Z" },
]

[[package]]
name = "pymongo"
version = "4.14.1"
source = { registry = "https://pypi.org/simple" }
resolution-markers = [
    "python_full_version >= '3.10'",
    "python_full_version == '3.9.*'",
]
dependencies = [
    { name = "dnspython", version = "2.7.0", source = { registry = "https://pypi.org/simple" }, marker = "python_full_version >= '3.9'" },
]
sdist = { url = "https://files.pythonhosted.org/packages/a1/d4/8617dbd734a58c10016f854c96a6aee522d90c4cf8890104c83f47c20126/pymongo-4.14.1.tar.gz", hash = "sha256:d78f5b0b569f4320e2485599d89b088aa6d750aad17cc98fd81a323b544ed3d0", size = 2214806, upload-time = "2025-08-19T18:21:43.026Z" }
wheels = [
    { url = "https://files.pythonhosted.org/packages/9f/61/d422e860eb9b91f25cdee9aec42a3f960e479e0fd4746d2ff604ce910f44/pymongo-4.14.1-cp310-cp310-macosx_10_9_x86_64.whl", hash = "sha256:97f0da391fb32f989f0afcd1838faff5595456d24c56d196174eddbb7c3a494c", size = 805015, upload-time = "2025-08-19T18:19:50.349Z" },
    { url = "https://files.pythonhosted.org/packages/45/84/20166482494e4f53c88077e20fad873082997862503bfd5ac495eba29c25/pymongo-4.14.1-cp310-cp310-macosx_11_0_arm64.whl", hash = "sha256:ec160c4e1184da11d375a4315917f5a04180ea0ff522f0a97cf78acbb65810d8", size = 805301, upload-time = "2025-08-19T18:19:53.167Z" },
    { url = "https://files.pythonhosted.org/packages/36/2c/ad99311a9d25e0725fc9e30c974dae53dc6db55436fd09b6beb1980d0feb/pymongo-4.14.1-cp310-cp310-manylinux_2_17_aarch64.manylinux2014_aarch64.whl", hash = "sha256:5c95ce2e0dcd9a556e1f51a4132db88c40e8e0a49c0b16d1dddba624f640895b", size = 1182671, upload-time = "2025-08-19T18:19:55.195Z" },
    { url = "https://files.pythonhosted.org/packages/4b/7a/f9ccf70c984f8cf76ddc1708378604ac613c1dd0e1a1df3b081ef0eeaef5/pymongo-4.14.1-cp310-cp310-manylinux_2_17_ppc64le.manylinux2014_ppc64le.whl", hash = "sha256:f7b965614c16ac7d2cf297fbfb16a9ec81c0493bd5916f455a8e8020e432300b", size = 1216899, upload-time = "2025-08-19T18:19:56.884Z" },
    { url = "https://files.pythonhosted.org/packages/c7/fb/76f13ee16dd71f49d8ed24f41126922b2f4fc27d56f1301f92f7da959003/pymongo-4.14.1-cp310-cp310-manylinux_2_17_s390x.manylinux2014_s390x.whl", hash = "sha256:f81e8156a862ad8b44a065bd89978361a3054571e61b5e802ebdef91bb13ccad", size = 1199828, upload-time = "2025-08-19T18:19:58.968Z" },
    { url = "https://files.pythonhosted.org/packages/78/0c/811aa88f3b46e0e0b81b6f5052c0dbec1f9c05b2c4dc8346a5fc77d3735f/pymongo-4.14.1-cp310-cp310-manylinux_2_17_x86_64.manylinux2014_x86_64.whl", hash = "sha256:e0fe8e7bbb59cb0652df0efd285e80e6a92207f5ced4a0f7de56275fd9c21b77", size = 1185845, upload-time = "2025-08-19T18:20:00.8Z" },
    { url = "https://files.pythonhosted.org/packages/70/9a/62ecd4523384f784dee8b977dc02167a01dd0f89ab278895234d18a6b729/pymongo-4.14.1-cp310-cp310-manylinux_2_5_i686.manylinux1_i686.manylinux_2_17_i686.manylinux2014_i686.whl", hash = "sha256:c6d426e70a35d1dd5003a535ac8c0683998bea783949daa980d70272baa5cb05", size = 1165001, upload-time = "2025-08-19T18:20:02.417Z" },
    { url = "https://files.pythonhosted.org/packages/38/f4/0ac5d5627aa371d4e13ebfc0eead43cacac5aa36442ab2b5af9bac00618d/pymongo-4.14.1-cp310-cp310-win32.whl", hash = "sha256:8a4fe1b1603865e44c3dbce2b91ac2f18b1672208ff49203e8a480ab68a2d8f5", size = 792163, upload-time = "2025-08-19T18:20:04.357Z" },
    { url = "https://files.pythonhosted.org/packages/98/36/6a36dac8630fabfb470391d099b447cb8f5c4140dbe4df8d6f2efe0dda39/pymongo-4.14.1-cp310-cp310-win_amd64.whl", hash = "sha256:27cb44c71e6f220b163e1d3c0dd18559e534d5d7cb7e16afa0cf1b7761403492", size = 801886, upload-time = "2025-08-19T18:20:06.205Z" },
    { url = "https://files.pythonhosted.org/packages/e7/8b/267412d11fd633a28607033c0dab7c4a4da7743326d35a30ca4013d90297/pymongo-4.14.1-cp311-cp311-macosx_10_9_x86_64.whl", hash = "sha256:af4e667902314bcc05c90ea4ac0351bb759410ae0c5496ae47aef80659a12a44", size = 859394, upload-time = "2025-08-19T18:20:07.768Z" },
    { url = "https://files.pythonhosted.org/packages/c0/3f/f2ee0e5760c25dd6ce19738835c2292e9480dfdb22bc4a86a8a01862420a/pymongo-4.14.1-cp311-cp311-macosx_11_0_arm64.whl", hash = "sha256:98c36403c97ec3a439a9ea5cdea730e34f0bf3c39eacfcab3fb07b34f5ef42a7", size = 859686, upload-time = "2025-08-19T18:20:09.781Z" },
    { url = "https://files.pythonhosted.org/packages/13/40/4dc49fdf3a7a5e10569844c3be658a38f2a066ad6631bce96dec87ee94a3/pymongo-4.14.1-cp311-cp311-manylinux_2_17_aarch64.manylinux2014_aarch64.whl", hash = "sha256:95bfb5fe10a8aa11029868c403939945092fb8d160ca3a10d386778ed9623533", size = 1428761, upload-time = "2025-08-19T18:20:11.792Z" },
    { url = "https://files.pythonhosted.org/packages/9a/d5/61e454a6cffe7b51d1cc511f86bbfab0eca7e6ed209cb3dd43b1567b250f/pymongo-4.14.1-cp311-cp311-manylinux_2_17_ppc64le.manylinux2014_ppc64le.whl", hash = "sha256:44beff3470a6b1736f9e9cf7fb6477fdb2342b6f19a722cab3bbc989c5f3f693", size = 1479719, upload-time = "2025-08-19T18:20:13.671Z" },
    { url = "https://files.pythonhosted.org/packages/61/8a/faef6c71571cb7043f0eec25aa7c91e62ffb4349a8300a0310a1fdb0c0d3/pymongo-4.14.1-cp311-cp311-manylinux_2_17_s390x.manylinux2014_s390x.whl", hash = "sha256:3176250b89ecc0db8120caf9945ded340eacebec7183f2093e58370041c2d5a8", size = 1454165, upload-time = "2025-08-19T18:20:15.754Z" },
    { url = "https://files.pythonhosted.org/packages/29/e2/777fd71786a5b0de0c6ff0d9c7e70dea513fdf65022542a8646f05e3fbdf/pymongo-4.14.1-cp311-cp311-manylinux_2_17_x86_64.manylinux2014_x86_64.whl", hash = "sha256:10a37312c841be2c2edd090b49861dab2e6117ff15cabf801f5910931105740e", size = 1433290, upload-time = "2025-08-19T18:20:17.524Z" },
    { url = "https://files.pythonhosted.org/packages/39/1c/80b1247442e5696305ed4a6568a9633fa6a184b2b54f40971a5afabe3a89/pymongo-4.14.1-cp311-cp311-manylinux_2_5_i686.manylinux1_i686.manylinux_2_17_i686.manylinux2014_i686.whl", hash = "sha256:573b1ed740dbb51be0819ede005012f4fa37df2c27c94d7d2e18288e16e1ef10", size = 1401940, upload-time = "2025-08-19T18:20:19.213Z" },
    { url = "https://files.pythonhosted.org/packages/c9/a7/287ebc777ddfca52ed5772f50ba4501b6e033e5b68b6c4a1b3ebb6a0e97d/pymongo-4.14.1-cp311-cp311-win32.whl", hash = "sha256:4812d168f9cd5f257805807a44637afcd0bb7fd22ac4738321bc6aa50ebd9d4f", size = 838242, upload-time = "2025-08-19T18:20:20.733Z" },
    { url = "https://files.pythonhosted.org/packages/51/93/9442a7204d12e7efc56430c518b168dc43050ff6031d26f82e8e23f15813/pymongo-4.14.1-cp311-cp311-win_amd64.whl", hash = "sha256:9485278fed0a8933c8ce8f97ab518158b82e884d4a7bc34e1d784b751c7b69f3", size = 852845, upload-time = "2025-08-19T18:20:22.709Z" },
    { url = "https://files.pythonhosted.org/packages/ff/95/d4f67fe51d7ef65b82af002ac23dd6fd34b3ddaf7ce843646e7a0554f8d2/pymongo-4.14.1-cp312-cp312-macosx_10_13_x86_64.whl", hash = "sha256:d2cafb545a77738f0506cd538be1b14e9f40ad0b62634d89e1845dee3c726ad5", size = 914257, upload-time = "2025-08-19T18:20:25.152Z" },
    { url = "https://files.pythonhosted.org/packages/32/7a/8df4bb47f20ab4f1ab9c1caf3d96bf1e17ba6dd3c2a03f6588f1339aeeea/pymongo-4.14.1-cp312-cp312-macosx_11_0_arm64.whl", hash = "sha256:a76afb1375f6914fecfdc3bfe6fb7c8c36b682c4707b7fb8ded5c2e17a1c2d77", size = 913942, upload-time = "2025-08-19T18:20:27.465Z" },
    { url = "https://files.pythonhosted.org/packages/a4/de/aeb2fea0e5b8613ded3fd047a1a8cf7133d940123239271cabb1578f9620/pymongo-4.14.1-cp312-cp312-manylinux_2_17_aarch64.manylinux2014_aarch64.whl", hash = "sha256:1f5a4223c6acecb0ab25202a5b4ed6f2b6a41c30204ef44d3d46525e8ea455a9", size = 1692600, upload-time = "2025-08-19T18:20:29.776Z" },
    { url = "https://files.pythonhosted.org/packages/15/cf/9bfa9fc65e78765d13801e769291a8496cc99ef2961b5a23a8d1eb73ebdd/pymongo-4.14.1-cp312-cp312-manylinux_2_17_ppc64le.manylinux2014_ppc64le.whl", hash = "sha256:89c1f6804ae16101d5dd6cf0bd06b10e70e5e870aa98a198824c772ce3cb8ba3", size = 1756836, upload-time = "2025-08-19T18:20:31.514Z" },
    { url = "https://files.pythonhosted.org/packages/4a/f6/83f069342b4d4588b4c516eb3c66ebfd35c88e77c6e0c247762d40d99eb5/pymongo-4.14.1-cp312-cp312-manylinux_2_17_s390x.manylinux2014_s390x.whl", hash = "sha256:eaef22550ba1034e9b0ed309395ec72944348c277e27cc973cd5b07322b1d088", size = 1725880, upload-time = "2025-08-19T18:20:33.458Z" },
    { url = "https://files.pythonhosted.org/packages/e6/16/4f8a0e5bc513c126238827587f21437675033e8561b8eb46ce099f1f4337/pymongo-4.14.1-cp312-cp312-manylinux_2_17_x86_64.manylinux2014_x86_64.whl", hash = "sha256:71500e97dbbda5d3e5dc9354dca865246c7502eea9d041c1ce0ae2c3fa018fd2", size = 1695857, upload-time = "2025-08-19T18:20:35.636Z" },
    { url = "https://files.pythonhosted.org/packages/02/d0/6b814aa2456873c4baaf5f44021f9776aa8c2ef60405357dac82d82a10ab/pymongo-4.14.1-cp312-cp312-manylinux_2_5_i686.manylinux1_i686.manylinux_2_17_i686.manylinux2014_i686.whl", hash = "sha256:6eeea7c92fd8ccd24ad156e2f9c2a117220f1ba0a41968b26d953dc6b8082b1d", size = 1654988, upload-time = "2025-08-19T18:20:37.714Z" },
    { url = "https://files.pythonhosted.org/packages/50/a8/a93578e9b5aa3d595a6c8ce7752ff0be43af11ea97dd2fe42fbeea67e909/pymongo-4.14.1-cp312-cp312-win32.whl", hash = "sha256:78e9ec6345a14e2144a514f501e3bfe69ec8c8fefd0759757e4f47bf0b243522", size = 885085, upload-time = "2025-08-19T18:20:39.504Z" },
    { url = "https://files.pythonhosted.org/packages/10/5a/e5ab4c50e7c8683ada40642ddfbad1a24c509fbff7786afd0a758d8c222f/pymongo-4.14.1-cp312-cp312-win_amd64.whl", hash = "sha256:714589ce1df891e91f808b1e6e678990040997972d2c70454efebfefd1c8e299", size = 904513, upload-time = "2025-08-19T18:20:41.389Z" },
    { url = "https://files.pythonhosted.org/packages/c4/cf/4ce6eaf7d886ff7457a937f5241a15f31de32e9f4394c08c78fb19218864/pymongo-4.14.1-cp313-cp313-macosx_10_13_x86_64.whl", hash = "sha256:cb147d0d77863ae89fa73cf8c0cc1a68d7dd7c5689cf0381501505307136b2bd", size = 968478, upload-time = "2025-08-19T18:20:43.725Z" },
    { url = "https://files.pythonhosted.org/packages/28/19/6d1bc3e8d52c8330627d6de2cff86794aed51aa0c2241b743c31dd28b6eb/pymongo-4.14.1-cp313-cp313-macosx_11_0_arm64.whl", hash = "sha256:e386721b57a50a5acd6e19c3c14cb975cbc0bf1a0364227d6cc15b486bb094cc", size = 968174, upload-time = "2025-08-19T18:20:45.587Z" },
    { url = "https://files.pythonhosted.org/packages/58/39/102b3a5688b254befa3c54fef9df0495eb3b07324ff8076b72452005d89c/pymongo-4.14.1-cp313-cp313-manylinux_2_17_aarch64.manylinux2014_aarch64.whl", hash = "sha256:49a2bf594ce1693f8a3cc4123ec3fa3a86215b395333b22be83c9eb765b24ecb", size = 1956312, upload-time = "2025-08-19T18:20:47.865Z" },
    { url = "https://files.pythonhosted.org/packages/f2/75/c6bc7dddfece46290aabbed52475a9bfd2b63c3bf1d2b724476a0144d50c/pymongo-4.14.1-cp313-cp313-manylinux_2_17_ppc64le.manylinux2014_ppc64le.whl", hash = "sha256:ebb6679929e5bab898e9c5b46ee6fd025f6eb14380e9d4a210e122d79b223548", size = 2033665, upload-time = "2025-08-19T18:20:49.684Z" },
    { url = "https://files.pythonhosted.org/packages/b5/6b/67762afe3ff4a7e7a56ed52ee2d5d4bb75f4309acaa493cc2408dd256174/pymongo-4.14.1-cp313-cp313-manylinux_2_17_s390x.manylinux2014_s390x.whl", hash = "sha256:fcbea95a877b2c7c4e4a18527c4eecbe91bdcb0b202f93d5713d50386138ffa3", size = 1997582, upload-time = "2025-08-19T18:20:51.415Z" },
    { url = "https://files.pythonhosted.org/packages/7f/3f/40282cb2c9114e8b1cb7e72f66d78a8acffaa494c0460ecd3821bf9ef4f6/pymongo-4.14.1-cp313-cp313-manylinux_2_17_x86_64.manylinux2014_x86_64.whl", hash = "sha256:04e780ff2854278d24f7a2011aed45b3df89520c89ca29a7c1ccf9a9f0d513d0", size = 1958311, upload-time = "2025-08-19T18:20:53.675Z" },
    { url = "https://files.pythonhosted.org/packages/b7/b2/f2d40e23c375e8b57493f532f24eb9583625d51c52bb1a9a2a515d7d879b/pymongo-4.14.1-cp313-cp313-manylinux_2_5_i686.manylinux1_i686.manylinux_2_17_i686.manylinux2014_i686.whl", hash = "sha256:147711a3b95d45dd11377a078e77fa302142b67656a8f57076693aa7fba124c1", size = 1907886, upload-time = "2025-08-19T18:20:55.565Z" },
    { url = "https://files.pythonhosted.org/packages/10/76/6b19a6ee2517b579937e4055c99f7d16ef80dc558491b0fca25dc1cb2630/pymongo-4.14.1-cp313-cp313-win32.whl", hash = "sha256:6b945dda0359ba13171201fa2f1e32d4b5e73f57606b8c6dd560eeebf4a69d84", size = 931916, upload-time = "2025-08-19T18:20:57.657Z" },
    { url = "https://files.pythonhosted.org/packages/89/30/c8180c0aab736f3217b146308cd2da0484a057700e35d834bd37e6bd3430/pymongo-4.14.1-cp313-cp313-win_amd64.whl", hash = "sha256:9fba1dcad4260a9c96aa5bd576bf96edeea5682cd6da6b5777c644ef103f16f6", size = 956130, upload-time = "2025-08-19T18:20:59.441Z" },
    { url = "https://files.pythonhosted.org/packages/45/a3/0a7874debbc4f37ec5d5ebb37a2db4bdbb06411142adcea55e55daba09ee/pymongo-4.14.1-cp313-cp313t-macosx_10_13_x86_64.whl", hash = "sha256:184b0b6c3663bec2c13d7e2f0a99233c24b1bc7d8163b8b9a019a3ab159b1ade", size = 1024972, upload-time = "2025-08-19T18:21:01.561Z" },
    { url = "https://files.pythonhosted.org/packages/74/77/5412dfca22e248f0785dff5dae83dc25422c10e784c34be5853a50a72a45/pymongo-4.14.1-cp313-cp313t-macosx_11_0_arm64.whl", hash = "sha256:e0a9bdb95e6fab64c8453dae84834dfd7a8b91cfbc7a3e288d9cdd161621a867", size = 1024973, upload-time = "2025-08-19T18:21:03.383Z" },
    { url = "https://files.pythonhosted.org/packages/55/eb/b36a6b952f017aba45ea4ff035c4908e1cdf5f3f92b1ecf36cc412f8ae89/pymongo-4.14.1-cp313-cp313t-manylinux_2_17_aarch64.manylinux2014_aarch64.whl", hash = "sha256:df5cc411dbe2b064945114598fdb3e36c3eeb38ed2559e459d5a7b2d91074a54", size = 2284673, upload-time = "2025-08-19T18:21:05.611Z" },
    { url = "https://files.pythonhosted.org/packages/57/c2/206d20847871db172e216695371963c0dd2670cf3bb003b063de3f459ae3/pymongo-4.14.1-cp313-cp313t-manylinux_2_17_ppc64le.manylinux2014_ppc64le.whl", hash = "sha256:33a8b2c47db66f3bb33d62e3884fb531b77a58efd412b67b0539c685950c2382", size = 2371709, upload-time = "2025-08-19T18:21:07.367Z" },
    { url = "https://files.pythonhosted.org/packages/b7/1b/f1c26008c61c0ac07344e17074d56c4c7daca10b24d9a5f921cbdb2438c2/pymongo-4.14.1-cp313-cp313t-manylinux_2_17_s390x.manylinux2014_s390x.whl", hash = "sha256:5f08880ad8bd6bdd4bdb5c93c4a6946c5c4e429b648c3b665c435af02005e7db", size = 2331100, upload-time = "2025-08-19T18:21:09.43Z" },
    { url = "https://files.pythonhosted.org/packages/1e/05/4561aa90ac9daff0660d6041d5d5f8bb208085608518c44b4f36a52931b4/pymongo-4.14.1-cp313-cp313t-manylinux_2_17_x86_64.manylinux2014_x86_64.whl", hash = "sha256:92f8c2a3d0f17c432d68304d3abcab36a8a7ba78db93a143ac77eef6b70bc126", size = 2282298, upload-time = "2025-08-19T18:21:11.597Z" },
    { url = "https://files.pythonhosted.org/packages/dd/a2/ad07bdfd439f2cf475b62ccba5278e7edb5c714c675ff80f9ea6cb465971/pymongo-4.14.1-cp313-cp313t-manylinux_2_5_i686.manylinux1_i686.manylinux_2_17_i686.manylinux2014_i686.whl", hash = "sha256:019f8f9b8a61a5780450c5908c38f63e4248f286d804163d3728bc544f0b07b2", size = 2221621, upload-time = "2025-08-19T18:21:15.102Z" },
    { url = "https://files.pythonhosted.org/packages/d8/13/d1bb83a6a68161a770c212a7114ac02b601aeabb9700c399607499e289a3/pymongo-4.14.1-cp313-cp313t-win32.whl", hash = "sha256:414a999a5b9212635f51c8b23481626406b731abaea16659a39df00f538d06d8", size = 981134, upload-time = "2025-08-19T18:21:16.749Z" },
    { url = "https://files.pythonhosted.org/packages/04/a0/3d97f57c1d37df8cd0839290ff08a9d5f2fbe862ecf8560afdf947c32b3d/pymongo-4.14.1-cp313-cp313t-win_amd64.whl", hash = "sha256:9375cf27c04d2be7d02986262e0593ece1e78fa1934744bdd74c0c0b0cd2c2f2", size = 1011425, upload-time = "2025-08-19T18:21:18.561Z" },
    { url = "https://files.pythonhosted.org/packages/86/6b/504022632878c58e93e91d97e1cffb55c692b6247c2bb0342debcd5ffdc5/pymongo-4.14.1-cp39-cp39-macosx_10_9_x86_64.whl", hash = "sha256:d8945b11c4e39c13b47ec79dd0ee05126a6cf4753cf5fdceabf8cc51c02e21e6", size = 750634, upload-time = "2025-08-19T18:21:20.421Z" },
    { url = "https://files.pythonhosted.org/packages/58/62/f542ba12fa4048cd116a548ee6daa39a7ef0a510890268b608962ce7c48e/pymongo-4.14.1-cp39-cp39-macosx_11_0_arm64.whl", hash = "sha256:b7d6114f4a60b04205b4fce120567955402816ac75329b9282fc8a603ac615ef", size = 750920, upload-time = "2025-08-19T18:21:22.115Z" },
    { url = "https://files.pythonhosted.org/packages/d2/29/6bf6a5949b88e2aae60008f14e9d1d4369115864459ade4835286eee738d/pymongo-4.14.1-cp39-cp39-manylinux_2_17_aarch64.manylinux2014_aarch64.whl", hash = "sha256:6649018ae12a28b8d8399ddda5cb662ac364e338faf0a621e6b9e5ec643134df", size = 938583, upload-time = "2025-08-19T18:21:23.901Z" },
    { url = "https://files.pythonhosted.org/packages/ce/d7/08e701535e4982ea9c491d436d42985a3756613ac51139a878db15e1da9e/pymongo-4.14.1-cp39-cp39-manylinux_2_17_ppc64le.manylinux2014_ppc64le.whl", hash = "sha256:e0bd1a446b39216453f53d55143a82e8617730723f100de940f1611ee35e78d6", size = 955926, upload-time = "2025-08-19T18:21:26.141Z" },
    { url = "https://files.pythonhosted.org/packages/10/ca/91f9a9dfc51db2e915656b7d33f8fff612dcad1e17a7e1ce79f140b1684e/pymongo-4.14.1-cp39-cp39-manylinux_2_17_s390x.manylinux2014_s390x.whl", hash = "sha256:e09e59bb15edf0d948de6fa2b6f1cbb25ee63e7beba6d45ef6e94609e759efaa", size = 947588, upload-time = "2025-08-19T18:21:28.04Z" },
    { url = "https://files.pythonhosted.org/packages/9a/c3/de720c4f0cac8908c3cb68a2d5c6f0b3ac7b05938caecc1631055e7f03ec/pymongo-4.14.1-cp39-cp39-manylinux_2_17_x86_64.manylinux2014_x86_64.whl", hash = "sha256:1604d9f669b044d30ca1775ebe37ddbd1972eaa7ffd041dde9e026b0334c69bd", size = 940483, upload-time = "2025-08-19T18:21:30.221Z" },
    { url = "https://files.pythonhosted.org/packages/79/f7/1c823b8714dce09159de1aa48f1d296c2be60e0c9b893bcd79786c686c44/pymongo-4.14.1-cp39-cp39-manylinux_2_5_i686.manylinux1_i686.manylinux_2_17_i686.manylinux2014_i686.whl", hash = "sha256:91f9a3d771ab86229244098125b1c22111aa3e3679534d626db8d05cd9c59ea4", size = 930143, upload-time = "2025-08-19T18:21:32.045Z" },
    { url = "https://files.pythonhosted.org/packages/24/59/b9c7a1588435308ce0d6b961ca9a151ff40db3c0b19d94906700a4859d52/pymongo-4.14.1-cp39-cp39-manylinux_2_5_i686.manylinux1_i686.whl", hash = "sha256:4c93d1f5db2bf63b4958aef2a914520c7103187d68359b512a8d6d62f5d7a752", size = 913400, upload-time = "2025-08-19T18:21:33.947Z" },
    { url = "https://files.pythonhosted.org/packages/65/ed/9e2bc38565b389d81992fa9fe01bd7a7ecb193566e5ea8961f1eb8ccb77c/pymongo-4.14.1-cp39-cp39-manylinux_2_5_x86_64.manylinux1_x86_64.whl", hash = "sha256:ed9c0e22f874419f07022a9133e8d62aa8b665ceb2d89218ee88450c2824185e", size = 939810, upload-time = "2025-08-19T18:21:35.754Z" },
    { url = "https://files.pythonhosted.org/packages/1a/26/2d9ec1c2dd21d212557d7d95e803e0221855bed906bce031338086ed8458/pymongo-4.14.1-cp39-cp39-win32.whl", hash = "sha256:06e2e8996324823e19bccea4dfd7ed543513410bbc7be9860502b62822d62bd4", size = 746079, upload-time = "2025-08-19T18:21:37.582Z" },
    { url = "https://files.pythonhosted.org/packages/2a/4e/90f4e4fcbeed00428f6315de4cb0020e1e8b8cb08ad7de16c50ac8dbf2e1/pymongo-4.14.1-cp39-cp39-win_amd64.whl", hash = "sha256:0e679c8f62ec0e6ba64799ce55b22d76c80cd042f7d99fa2cfbb4d935ac61bea", size = 750929, upload-time = "2025-08-19T18:21:39.853Z" },
]
